
Microsoft Visual Studio Solution File, Format Version 11.00
# Visual Studio 2010
Project("{FAE04EC0-301F-11D3-BF4B-00C04F79EFBC}") = "api.docs", "api.docs\api.docs.csproj", "{DBD87A74-5FFD-4C74-AD14-BD6290281F2C}"
EndProject
Project("{FAE04EC0-301F-11D3-BF4B-00C04F79EFBC}") = "api.docs.data", "api.docs.data\api.docs.data.csproj", "{6D031736-338C-4C50-AB16-A5072900BE60}"
EndProject
Project("{FAE04EC0-301F-11D3-BF4B-00C04F79EFBC}") = "api.docs.admin", "api.docs.admin\api.docs.admin.csproj", "{3A1A1F13-39B8-4F4F-A4A4-F55B87482A23}"
EndProject
Project("{FAE04EC0-301F-11D3-BF4B-00C04F79EFBC}") = "api.docs.data.integrationtest", "api.docs.data.integrationtest\api.docs.data.integrationtest.csproj", "{0EE607CB-4518-4015-A5B1-74C0E0CBC287}"
EndProject
Global
	GlobalSection(SolutionConfigurationPlatforms) = preSolution
		Debug|Any CPU = Debug|Any CPU
		Release|Any CPU = Release|Any CPU
	EndGlobalSection
	GlobalSection(ProjectConfigurationPlatforms) = postSolution
		{DBD87A74-5FFD-4C74-AD14-BD6290281F2C}.Debug|Any CPU.ActiveCfg = Debug|Any CPU
		{DBD87A74-5FFD-4C74-AD14-BD6290281F2C}.Debug|Any CPU.Build.0 = Debug|Any CPU
		{DBD87A74-5FFD-4C74-AD14-BD6290281F2C}.Release|Any CPU.ActiveCfg = Release|Any CPU
		{DBD87A74-5FFD-4C74-AD14-BD6290281F2C}.Release|Any CPU.Build.0 = Release|Any CPU
		{6D031736-338C-4C50-AB16-A5072900BE60}.Debug|Any CPU.ActiveCfg = Debug|Any CPU
		{6D031736-338C-4C50-AB16-A5072900BE60}.Debug|Any CPU.Build.0 = Debug|Any CPU
		{6D031736-338C-4C50-AB16-A5072900BE60}.Release|Any CPU.ActiveCfg = Release|Any CPU
		{6D031736-338C-4C50-AB16-A5072900BE60}.Release|Any CPU.Build.0 = Release|Any CPU
		{3A1A1F13-39B8-4F4F-A4A4-F55B87482A23}.Debug|Any CPU.ActiveCfg = Debug|Any CPU
		{3A1A1F13-39B8-4F4F-A4A4-F55B87482A23}.Debug|Any CPU.Build.0 = Debug|Any CPU
		{3A1A1F13-39B8-4F4F-A4A4-F55B87482A23}.Release|Any CPU.ActiveCfg = Release|Any CPU
		{3A1A1F13-39B8-4F4F-A4A4-F55B87482A23}.Release|Any CPU.Build.0 = Release|Any CPU
		{0EE607CB-4518-4015-A5B1-74C0E0CBC287}.Debug|Any CPU.ActiveCfg = Debug|Any CPU
		{0EE607CB-4518-4015-A5B1-74C0E0CBC287}.Debug|Any CPU.Build.0 = Debug|Any CPU
		{0EE607CB-4518-4015-A5B1-74C0E0CBC287}.Release|Any CPU.ActiveCfg = Release|Any CPU
		{0EE607CB-4518-4015-A5B1-74C0E0CBC287}.Release|Any CPU.Build.0 = Release|Any CPU
	EndGlobalSection
	GlobalSection(SolutionProperties) = preSolution
		HideSolutionNode = FALSE
	EndGlobalSection
EndGlobal
